// !$*UTF8*$!
{
	archiveVersion = 1;
	classes = {
	};
	objectVersion = 50;
	objects = {

/* Begin PBXBuildFile section */
		79F702612140B54900DB13AA /* AppDelegate.swift in Sources */ = {isa = PBXBuildFile; fileRef = 79F702602140B54900DB13AA /* AppDelegate.swift */; };
		79F702632140B54900DB13AA /* ViewController.swift in Sources */ = {isa = PBXBuildFile; fileRef = 79F702622140B54900DB13AA /* ViewController.swift */; };
		79F702662140B54900DB13AA /* Main.storyboard in Resources */ = {isa = PBXBuildFile; fileRef = 79F702642140B54900DB13AA /* Main.storyboard */; };
		79F702682140B54A00DB13AA /* Assets.xcassets in Resources */ = {isa = PBXBuildFile; fileRef = 79F702672140B54A00DB13AA /* Assets.xcassets */; };
		79F7026B2140B54A00DB13AA /* LaunchScreen.storyboard in Resources */ = {isa = PBXBuildFile; fileRef = 79F702692140B54A00DB13AA /* LaunchScreen.storyboard */; };
		79F702762140B54A00DB13AA /* lab1Tests.swift in Sources */ = {isa = PBXBuildFile; fileRef = 79F702752140B54A00DB13AA /* lab1Tests.swift */; };
		79F702812140B54A00DB13AA /* lab1UITests.swift in Sources */ = {isa = PBXBuildFile; fileRef = 79F702802140B54A00DB13AA /* lab1UITests.swift */; };
/* End PBXBuildFile section */

/* Begin PBXContainerItemProxy section */
		79F702722140B54A00DB13AA /* PBXContainerItemProxy */ = {
			isa = PBXContainerItemProxy;
			containerPortal = 79F702552140B54900DB13AA /* Project object */;
			proxyType = 1;
			remoteGlobalIDString = 79F7025C2140B54900DB13AA;
			remoteInfo = lab1;
		};
		79F7027D2140B54A00DB13AA /* PBXContainerItemProxy */ = {
			isa = PBXContainerItemProxy;
			containerPortal = 79F702552140B54900DB13AA /* Project object */;
			proxyType = 1;
			remoteGlobalIDString = 79F7025C2140B54900DB13AA;
			remoteInfo = lab1;
		};
/* End PBXContainerItemProxy section */

/* Begin PBXFileReference section */
		79F7025D2140B54900DB13AA /* lab1.app */ = {isa = PBXFileReference; explicitFileType = wrapper.application; includeInIndex = 0; path = lab1.app; sourceTree = BUILT_PRODUCTS_DIR; };
		79F702602140B54900DB13AA /* AppDelegate.swift */ = {isa = PBXFileReference; lastKnownFileType = sourcecode.swift; path = AppDelegate.swift; sourceTree = "<group>"; };
		79F702622140B54900DB13AA /* ViewController.swift */ = {isa = PBXFileReference; lastKnownFileType = sourcecode.swift; path = ViewController.swift; sourceTree = "<group>"; };
		79F702652140B54900DB13AA /* Base */ = {isa = PBXFileReference; lastKnownFileType = file.storyboard; name = Base; path = Base.lproj/Main.storyboard; sourceTree = "<group>"; };
		79F702672140B54A00DB13AA /* Assets.xcassets */ = {isa = PBXFileReference; lastKnownFileType = folder.assetcatalog; path = Assets.xcassets; sourceTree = "<group>"; };
		79F7026A2140B54A00DB13AA /* Base */ = {isa = PBXFileReference; lastKnownFileType = file.storyboard; name = Base; path = Base.lproj/LaunchScreen.storyboard; sourceTree = "<group>"; };
		79F7026C2140B54A00DB13AA /* Info.plist */ = {isa = PBXFileReference; lastKnownFileType = text.plist.xml; path = Info.plist; sourceTree = "<group>"; };
		79F702712140B54A00DB13AA /* lab1Tests.xctest */ = {isa = PBXFileReference; explicitFileType = wrapper.cfbundle; includeInIndex = 0; path = lab1Tests.xctest; sourceTree = BUILT_PRODUCTS_DIR; };
		79F702752140B54A00DB13AA /* lab1Tests.swift */ = {isa = PBXFileReference; lastKnownFileType = sourcecode.swift; path = lab1Tests.swift; sourceTree = "<group>"; };
		79F702772140B54A00DB13AA /* Info.plist */ = {isa = PBXFileReference; lastKnownFileType = text.plist.xml; path = Info.plist; sourceTree = "<group>"; };
		79F7027C2140B54A00DB13AA /* lab1UITests.xctest */ = {isa = PBXFileReference; explicitFileType = wrapper.cfbundle; includeInIndex = 0; path = lab1UITests.xctest; sourceTree = BUILT_PRODUCTS_DIR; };
		79F702802140B54A00DB13AA /* lab1UITests.swift */ = {isa = PBXFileReference; lastKnownFileType = sourcecode.swift; path = lab1UITests.swift; sourceTree = "<group>"; };
		79F702822140B54A00DB13AA /* Info.plist */ = {isa = PBXFileReference; lastKnownFileType = text.plist.xml; path = Info.plist; sourceTree = "<group>"; };
/* End PBXFileReference section */

/* Begin PBXFrameworksBuildPhase section */
		79F7025A2140B54900DB13AA /* Frameworks */ = {
			isa = PBXFrameworksBuildPhase;
			buildActionMask = 2147483647;
			files = (
			);
			runOnlyForDeploymentPostprocessing = 0;
		};
		79F7026E2140B54A00DB13AA /* Frameworks */ = {
			isa = PBXFrameworksBuildPhase;
			buildActionMask = 2147483647;
			files = (
			);
			runOnlyForDeploymentPostprocessing = 0;
		};
		79F702792140B54A00DB13AA /* Frameworks */ = {
			isa = PBXFrameworksBuildPhase;
			buildActionMask = 2147483647;
			files = (
			);
			runOnlyForDeploymentPostprocessing = 0;
		};
/* End PBXFrameworksBuildPhase section */

/* Begin PBXGroup section */
		79F702542140B54900DB13AA = {
			isa = PBXGroup;
			children = (
				79F7025F2140B54900DB13AA /* lab1 */,
				79F702742140B54A00DB13AA /* lab1Tests */,
				79F7027F2140B54A00DB13AA /* lab1UITests */,
				79F7025E2140B54900DB13AA /* Products */,
			);
			sourceTree = "<group>";
		};
		79F7025E2140B54900DB13AA /* Products */ = {
			isa = PBXGroup;
			children = (
				79F7025D2140B54900DB13AA /* lab1.app */,
				79F702712140B54A00DB13AA /* lab1Tests.xctest */,
				79F7027C2140B54A00DB13AA /* lab1UITests.xctest */,
			);
			name = Products;
			sourceTree = "<group>";
		};
		79F7025F2140B54900DB13AA /* lab1 */ = {
			isa = PBXGroup;
			children = (
				79F702602140B54900DB13AA /* AppDelegate.swift */,
				79F702622140B54900DB13AA /* ViewController.swift */,
				79F702642140B54900DB13AA /* Main.storyboard */,
				79F702672140B54A00DB13AA /* Assets.xcassets */,
				79F702692140B54A00DB13AA /* LaunchScreen.storyboard */,
				79F7026C2140B54A00DB13AA /* Info.plist */,
			);
			path = lab1;
			sourceTree = "<group>";
		};
		79F702742140B54A00DB13AA /* lab1Tests */ = {
			isa = PBXGroup;
			children = (
				79F702752140B54A00DB13AA /* lab1Tests.swift */,
				79F702772140B54A00DB13AA /* Info.plist */,
			);
			path = lab1Tests;
			sourceTree = "<group>";
		};
		79F7027F2140B54A00DB13AA /* lab1UITests */ = {
			isa = PBXGroup;
			children = (
				79F702802140B54A00DB13AA /* lab1UITests.swift */,
				79F702822140B54A00DB13AA /* Info.plist */,
			);
			path = lab1UITests;
			sourceTree = "<group>";
		};
/* End PBXGroup section */

/* Begin PBXNativeTarget section */
		79F7025C2140B54900DB13AA /* lab1 */ = {
			isa = PBXNativeTarget;
			buildConfigurationList = 79F702852140B54A00DB13AA /* Build configuration list for PBXNativeTarget "lab1" */;
			buildPhases = (
				79F702592140B54900DB13AA /* Sources */,
				79F7025A2140B54900DB13AA /* Frameworks */,
				79F7025B2140B54900DB13AA /* Resources */,
			);
			buildRules = (
			);
			dependencies = (
			);
			name = lab1;
			productName = lab1;
			productReference = 79F7025D2140B54900DB13AA /* lab1.app */;
			productType = "com.apple.product-type.application";
		};
		79F702702140B54A00DB13AA /* lab1Tests */ = {
			isa = PBXNativeTarget;
			buildConfigurationList = 79F702882140B54A00DB13AA /* Build configuration list for PBXNativeTarget "lab1Tests" */;
			buildPhases = (
				79F7026D2140B54A00DB13AA /* Sources */,
				79F7026E2140B54A00DB13AA /* Frameworks */,
				79F7026F2140B54A00DB13AA /* Resources */,
			);
			buildRules = (
			);
			dependencies = (
				79F702732140B54A00DB13AA /* PBXTargetDependency */,
			);
			name = lab1Tests;
			productName = lab1Tests;
			productReference = 79F702712140B54A00DB13AA /* lab1Tests.xctest */;
			productType = "com.apple.product-type.bundle.unit-test";
		};
		79F7027B2140B54A00DB13AA /* lab1UITests */ = {
			isa = PBXNativeTarget;
			buildConfigurationList = 79F7028B2140B54A00DB13AA /* Build configuration list for PBXNativeTarget "lab1UITests" */;
			buildPhases = (
				79F702782140B54A00DB13AA /* Sources */,
				79F702792140B54A00DB13AA /* Frameworks */,
				79F7027A2140B54A00DB13AA /* Resources */,
			);
			buildRules = (
			);
			dependencies = (
				79F7027E2140B54A00DB13AA /* PBXTargetDependency */,
			);
			name = lab1UITests;
			productName = lab1UITests;
			productReference = 79F7027C2140B54A00DB13AA /* lab1UITests.xctest */;
			productType = "com.apple.product-type.bundle.ui-testing";
		};
/* End PBXNativeTarget section */

/* Begin PBXProject section */
		79F702552140B54900DB13AA /* Project object */ = {
			isa = PBXProject;
			attributes = {
				LastSwiftUpdateCheck = 0940;
				LastUpgradeCheck = 0940;
				ORGANIZATIONNAME = "Xiangzhi Cao";
				TargetAttributes = {
					79F7025C2140B54900DB13AA = {
						CreatedOnToolsVersion = 9.4;
					};
					79F702702140B54A00DB13AA = {
						CreatedOnToolsVersion = 9.4;
						TestTargetID = 79F7025C2140B54900DB13AA;
					};
					79F7027B2140B54A00DB13AA = {
						CreatedOnToolsVersion = 9.4;
						TestTargetID = 79F7025C2140B54900DB13AA;
					};
				};
			};
			buildConfigurationList = 79F702582140B54900DB13AA /* Build configuration list for PBXProject "lab1" */;
			compatibilityVersion = "Xcode 9.3";
			developmentRegion = en;
			hasScannedForEncodings = 0;
			knownRegions = (
				en,
				Base,
			);
			mainGroup = 79F702542140B54900DB13AA;
			productRefGroup = 79F7025E2140B54900DB13AA /* Products */;
			projectDirPath = "";
			projectRoot = "";
			targets = (
				79F7025C2140B54900DB13AA /* lab1 */,
				79F702702140B54A00DB13AA /* lab1Tests */,
				79F7027B2140B54A00DB13AA /* lab1UITests */,
			);
		};
/* End PBXProject section */

/* Begin PBXResourcesBuildPhase section */
		79F7025B2140B54900DB13AA /* Resources */ = {
			isa = PBXResourcesBuildPhase;
			buildActionMask = 2147483647;
			files = (
				79F7026B2140B54A00DB13AA /* LaunchScreen.storyboard in Resources */,
				79F702682140B54A00DB13AA /* Assets.xcassets in Resources */,
				79F702662140B54900DB13AA /* Main.storyboard in Resources */,
			);
			runOnlyForDeploymentPostprocessing = 0;
		};
		79F7026F2140B54A00DB13AA /* Resources */ = {
			isa = PBXResourcesBuildPhase;
			buildActionMask = 2147483647;
			files = (
			);
			runOnlyForDeploymentPostprocessing = 0;
		};
		79F7027A2140B54A00DB13AA /* Resources */ = {
			isa = PBXResourcesBuildPhase;
			buildActionMask = 2147483647;
			files = (
			);
			runOnlyForDeploymentPostprocessing = 0;
		};
/* End PBXResourcesBuildPhase section */

/* Begin PBXSourcesBuildPhase section */
		79F702592140B54900DB13AA /* Sources */ = {
			isa = PBXSourcesBuildPhase;
			buildActionMask = 2147483647;
			files = (
				79F702632140B54900DB13AA /* ViewController.swift in Sources */,
				79F702612140B54900DB13AA /* AppDelegate.swift in Sources */,
			);
			runOnlyForDeploymentPostprocessing = 0;
		};
		79F7026D2140B54A00DB13AA /* Sources */ = {
			isa = PBXSourcesBuildPhase;
			buildActionMask = 2147483647;
			files = (
				79F702762140B54A00DB13AA /* lab1Tests.swift in Sources */,
			);
			runOnlyForDeploymentPostprocessing = 0;
		};
		79F702782140B54A00DB13AA /* Sources */ = {
			isa = PBXSourcesBuildPhase;
			buildActionMask = 2147483647;
			files = (
				79F702812140B54A00DB13AA /* lab1UITests.swift in Sources */,
			);
			runOnlyForDeploymentPostprocessing = 0;
		};
/* End PBXSourcesBuildPhase section */

/* Begin PBXTargetDependency section */
		79F702732140B54A00DB13AA /* PBXTargetDependency */ = {
			isa = PBXTargetDependency;
			target = 79F7025C2140B54900DB13AA /* lab1 */;
			targetProxy = 79F702722140B54A00DB13AA /* PBXContainerItemProxy */;
		};
		79F7027E2140B54A00DB13AA /* PBXTargetDependency */ = {
			isa = PBXTargetDependency;
			target = 79F7025C2140B54900DB13AA /* lab1 */;
			targetProxy = 79F7027D2140B54A00DB13AA /* PBXContainerItemProxy */;
		};
/* End PBXTargetDependency section */

/* Begin PBXVariantGroup section */
		79F702642140B54900DB13AA /* Main.storyboard */ = {
			isa = PBXVariantGroup;
			children = (
				79F702652140B54900DB13AA /* Base */,
			);
			name = Main.storyboard;
			sourceTree = "<group>";
		};
		79F702692140B54A00DB13AA /* LaunchScreen.storyboard */ = {
			isa = PBXVariantGroup;
			children = (
				79F7026A2140B54A00DB13AA /* Base */,
			);
			name = LaunchScreen.storyboard;
			sourceTree = "<group>";
		};
/* End PBXVariantGroup section */

/* Begin XCBuildConfiguration section */
		79F702832140B54A00DB13AA /* Debug */ = {
			isa = XCBuildConfiguration;
			buildSettings = {
				ALWAYS_SEARCH_USER_PATHS = NO;
				CLANG_ANALYZER_NONNULL = YES;
				CLANG_ANALYZER_NUMBER_OBJECT_CONVERSION = YES_AGGRESSIVE;
				CLANG_CXX_LANGUAGE_STANDARD = "gnu++14";
				CLANG_CXX_LIBRARY = "libc++";
				CLANG_ENABLE_MODULES = YES;
				CLANG_ENABLE_OBJC_ARC = YES;
				CLANG_ENABLE_OBJC_WEAK = YES;
				CLANG_WARN_BLOCK_CAPTURE_AUTORELEASING = YES;
				CLANG_WARN_BOOL_CONVERSION = YES;
				CLANG_WARN_COMMA = YES;
				CLANG_WARN_CONSTANT_CONVERSION = YES;
				CLANG_WARN_DEPRECATED_OBJC_IMPLEMENTATIONS = YES;
				CLANG_WARN_DIRECT_OBJC_ISA_USAGE = YES_ERROR;
				CLANG_WARN_DOCUMENTATION_COMMENTS = YES;
				CLANG_WARN_EMPTY_BODY = YES;
				CLANG_WARN_ENUM_CONVERSION = YES;
				CLANG_WARN_INFINITE_RECURSION = YES;
				CLANG_WARN_INT_CONVERSION = YES;
				CLANG_WARN_NON_LITERAL_NULL_CONVERSION = YES;
				CLANG_WARN_OBJC_IMPLICIT_RETAIN_SELF = YES;
				CLANG_WARN_OBJC_LITERAL_CONVERSION = YES;
				CLANG_WARN_OBJC_ROOT_CLASS = YES_ERROR;
				CLANG_WARN_RANGE_LOOP_ANALYSIS = YES;
				CLANG_WARN_STRICT_PROTOTYPES = YES;
				CLANG_WARN_SUSPICIOUS_MOVE = YES;
				CLANG_WARN_UNGUARDED_AVAILABILITY = YES_AGGRESSIVE;
				CLANG_WARN_UNREACHABLE_CODE = YES;
				CLANG_WARN__DUPLICATE_METHOD_MATCH = YES;
				CODE_SIGN_IDENTITY = "iPhone Developer";
				COPY_PHASE_STRIP = NO;
				DEBUG_INFORMATION_FORMAT = dwarf;
				ENABLE_STRICT_OBJC_MSGSEND = YES;
				ENABLE_TESTABILITY = YES;
				GCC_C_LANGUAGE_STANDARD = gnu11;
				GCC_DYNAMIC_NO_PIC = NO;
				GCC_NO_COMMON_BLOCKS = YES;
				GCC_OPTIMIZATION_LEVEL = 0;
				GCC_PREPROCESSOR_DEFINITIONS = (
					"DEBUG=1",
					"$(inherited)",
				);
				GCC_WARN_64_TO_32_BIT_CONVERSION = YES;
				GCC_WARN_ABOUT_RETURN_TYPE = YES_ERROR;
				GCC_WARN_UNDECLARED_SELECTOR = YES;
				GCC_WARN_UNINITIALIZED_AUTOS = YES_AGGRESSIVE;
				GCC_WARN_UNUSED_FUNCTION = YES;
				GCC_WARN_UNUSED_VARIABLE = YES;
				IPHONEOS_DEPLOYMENT_TARGET = 11.4;
				MTL_ENABLE_DEBUG_INFO = YES;
				ONLY_ACTIVE_ARCH = YES;
				SDKROOT = iphoneos;
				SWIFT_ACTIVE_COMPILATION_CONDITIONS = DEBUG;
				SWIFT_OPTIMIZATION_LEVEL = "-Onone";
			};
			name = Debug;
		};
		79F702842140B54A00DB13AA /* Release */ = {
			isa = XCBuildConfiguration;
			buildSettings = {
				ALWAYS_SEARCH_USER_PATHS = NO;
				CLANG_ANALYZER_NONNULL = YES;
				CLANG_ANALYZER_NUMBER_OBJECT_CONVERSION = YES_AGGRESSIVE;
				CLANG_CXX_LANGUAGE_STANDARD = "gnu++14";
				CLANG_CXX_LIBRARY = "libc++";
				CLANG_ENABLE_MODULES = YES;
				CLANG_ENABLE_OBJC_ARC = YES;
				CLANG_ENABLE_OBJC_WEAK = YES;
				CLANG_WARN_BLOCK_CAPTURE_AUTORELEASING = YES;
				CLANG_WARN_BOOL_CONVERSION = YES;
				CLANG_WARN_COMMA = YES;
				CLANG_WARN_CONSTANT_CONVERSION = YES;
				CLANG_WARN_DEPRECATED_OBJC_IMPLEMENTATIONS = YES;
				CLANG_WARN_DIRECT_OBJC_ISA_USAGE = YES_ERROR;
				CLANG_WARN_DOCUMENTATION_COMMENTS = YES;
				CLANG_WARN_EMPTY_BODY = YES;
				CLANG_WARN_ENUM_CONVERSION = YES;
				CLANG_WARN_INFINITE_RECURSION = YES;
				CLANG_WARN_INT_CONVERSION = YES;
				CLANG_WARN_NON_LITERAL_NULL_CONVERSION = YES;
				CLANG_WARN_OBJC_IMPLICIT_RETAIN_SELF = YES;
				CLANG_WARN_OBJC_LITERAL_CONVERSION = YES;
				CLANG_WARN_OBJC_ROOT_CLASS = YES_ERROR;
				CLANG_WARN_RANGE_LOOP_ANALYSIS = YES;
				CLANG_WARN_STRICT_PROTOTYPES = YES;
				CLANG_WARN_SUSPICIOUS_MOVE = YES;
				CLANG_WARN_UNGUARDED_AVAILABILITY = YES_AGGRESSIVE;
				CLANG_WARN_UNREACHABLE_CODE = YES;
				CLANG_WARN__DUPLICATE_METHOD_MATCH = YES;
				CODE_SIGN_IDENTITY = "iPhone Developer";
				COPY_PHASE_STRIP = NO;
				DEBUG_INFORMATION_FORMAT = "dwarf-with-dsym";
				ENABLE_NS_ASSERTIONS = NO;
				ENABLE_STRICT_OBJC_MSGSEND = YES;
				GCC_C_LANGUAGE_STANDARD = gnu11;
				GCC_NO_COMMON_BLOCKS = YES;
				GCC_WARN_64_TO_32_BIT_CONVERSION = YES;
				GCC_WARN_ABOUT_RETURN_TYPE = YES_ERROR;
				GCC_WARN_UNDECLARED_SELECTOR = YES;
				GCC_WARN_UNINITIALIZED_AUTOS = YES_AGGRESSIVE;
				GCC_WARN_UNUSED_FUNCTION = YES;
				GCC_WARN_UNUSED_VARIABLE = YES;
				IPHONEOS_DEPLOYMENT_TARGET = 11.4;
				MTL_ENABLE_DEBUG_INFO = NO;
				SDKROOT = iphoneos;
				SWIFT_COMPILATION_MODE = wholemodule;
				SWIFT_OPTIMIZATION_LEVEL = "-O";
				VALIDATE_PRODUCT = YES;
			};
			name = Release;
		};
		79F702862140B54A00DB13AA /* Debug */ = {
			isa = XCBuildConfiguration;
			buildSettings = {
				ASSETCATALOG_COMPILER_APPICON_NAME = AppIcon;
				CODE_SIGN_STYLE = Automatic;
				INFOPLIST_FILE = lab1/Info.plist;
				LD_RUNPATH_SEARCH_PATHS = (
					"$(inherited)",
					"@executable_path/Frameworks",
				);
				PRODUCT_BUNDLE_IDENTIFIER = xiangzhi.lab1;
				PRODUCT_NAME = "$(TARGET_NAME)";
				SWIFT_VERSION = 4.0;
				TARGETED_DEVICE_FAMILY = "1,2";
			};
			name = Debug;
		};
		79F702872140B54A00DB13AA /* Release */ = {
			isa = XCBuildConfiguration;
			buildSettings = {
				ASSETCATALOG_COMPILER_APPICON_NAME = AppIcon;
				CODE_SIGN_STYLE = Automatic;
				INFOPLIST_FILE = lab1/Info.plist;
				LD_RUNPATH_SEARCH_PATHS = (
					"$(inherited)",
					"@executable_path/Frameworks",
				);
				PRODUCT_BUNDLE_IDENTIFIER = xiangzhi.lab1;
				PRODUCT_NAME = "$(TARGET_NAME)";
				SWIFT_VERSION = 4.0;
				TARGETED_DEVICE_FAMILY = "1,2";
			};
			name = Release;
		};
		79F702892140B54A00DB13AA /* Debug */ = {
			isa = XCBuildConfiguration;
			buildSettings = {
				ALWAYS_EMBED_SWIFT_STANDARD_LIBRARIES = YES;
				BUNDLE_LOADER = "$(TEST_HOST)";
				CODE_SIGN_STYLE = Automatic;
				INFOPLIST_FILE = lab1Tests/Info.plist;
				LD_RUNPATH_SEARCH_PATHS = (
					"$(inherited)",
					"@executable_path/Frameworks",
					"@loader_path/Frameworks",
				);
				PRODUCT_BUNDLE_IDENTIFIER = xiangzhi.lab1Tests;
				PRODUCT_NAME = "$(TARGET_NAME)";
				SWIFT_VERSION = 4.0;
				TARGETED_DEVICE_FAMILY = "1,2";
				TEST_HOST = "$(BUILT_PRODUCTS_DIR)/lab1.app/lab1";
			};
			name = Debug;
		};
		79F7028A2140B54A00DB13AA /* Release */ = {
			isa = XCBuildConfiguration;
			buildSettings = {
				ALWAYS_EMBED_SWIFT_STANDARD_LIBRARIES = YES;
				BUNDLE_LOADER = "$(TEST_HOST)";
				CODE_SIGN_STYLE = Automatic;
				INFOPLIST_FILE = lab1Tests/Info.plist;
				LD_RUNPATH_SEARCH_PATHS = (
					"$(inherited)",
					"@executable_path/Frameworks",
					"@loader_path/Frameworks",
				);
				PRODUCT_BUNDLE_IDENTIFIER = xiangzhi.lab1Tests;
				PRODUCT_NAME = "$(TARGET_NAME)";
				SWIFT_VERSION = 4.0;
				TARGETED_DEVICE_FAMILY = "1,2";
				TEST_HOST = "$(BUILT_PRODUCTS_DIR)/lab1.app/lab1";
			};
			name = Release;
		};
		79F7028C2140B54A00DB13AA /* Debug */ = {
			isa = XCBuildConfiguration;
			buildSettings = {
				ALWAYS_EMBED_SWIFT_STANDARD_LIBRARIES = YES;
				CODE_SIGN_STYLE = Automatic;
				INFOPLIST_FILE = lab1UITests/Info.plist;
				LD_RUNPATH_SEARCH_PATHS = (
					"$(inherited)",
					"@executable_path/Frameworks",
					"@loader_path/Frameworks",
				);
				PRODUCT_BUNDLE_IDENTIFIER = xiangzhi.lab1UITests;
				PRODUCT_NAME = "$(TARGET_NAME)";
				SWIFT_VERSION = 4.0;
				TARGETED_DEVICE_FAMILY = "1,2";
				TEST_TARGET_NAME = lab1;
			};
			name = Debug;
		};
		79F7028D2140B54A00DB13AA /* Release */ = {
			isa = XCBuildConfiguration;
			buildSettings = {
				ALWAYS_EMBED_SWIFT_STANDARD_LIBRARIES = YES;
				CODE_SIGN_STYLE = Automatic;
				INFOPLIST_FILE = lab1UITests/Info.plist;
				LD_RUNPATH_SEARCH_PATHS = (
					"$(inherited)",
					"@executable_path/Frameworks",
					"@loader_path/Frameworks",
				);
				PRODUCT_BUNDLE_IDENTIFIER = xiangzhi.lab1UITests;
				PRODUCT_NAME = "$(TARGET_NAME)";
				SWIFT_VERSION = 4.0;
				TARGETED_DEVICE_FAMILY = "1,2";
				TEST_TARGET_NAME = lab1;
			};
			name = Release;
		};
/* End XCBuildConfiguration section */

/* Begin XCConfigurationList section */
		79F702582140B54900DB13AA /* Build configuration list for PBXProject "lab1" */ = {
			isa = XCConfigurationList;
			buildConfigurations = (
				79F702832140B54A00DB13AA /* Debug */,
				79F702842140B54A00DB13AA /* Release */,
			);
			defaultConfigurationIsVisible = 0;
			defaultConfigurationName = Release;
		};
		79F702852140B54A00DB13AA /* Build configuration list for PBXNativeTarget "lab1" */ = {
			isa = XCConfigurationList;
			buildConfigurations = (
				79F702862140B54A00DB13AA /* Debug */,
				79F702872140B54A00DB13AA /* Release */,
			);
			defaultConfigurationIsVisible = 0;
			defaultConfigurationName = Release;
		};
		79F702882140B54A00DB13AA /* Build configuration list for PBXNativeTarget "lab1Tests" */ = {
			isa = XCConfigurationList;
			buildConfigurations = (
				79F702892140B54A00DB13AA /* Debug */,
				79F7028A2140B54A00DB13AA /* Release */,
			);
			defaultConfigurationIsVisible = 0;
			defaultConfigurationName = Release;
		};
		79F7028B2140B54A00DB13AA /* Build configuration list for PBXNativeTarget "lab1UITests" */ = {
			isa = XCConfigurationList;
			buildConfigurations = (
				79F7028C2140B54A00DB13AA /* Debug */,
				79F7028D2140B54A00DB13AA /* Release */,
			);
			defaultConfigurationIsVisible = 0;
			defaultConfigurationName = Release;
		};
/* End XCConfigurationList section */
	};
	rootObject = 79F702552140B54900DB13AA /* Project object */;
}
